
Microsoft Visual Studio Solution File, Format Version 12.00
# Visual Studio Version 17
VisualStudioVersion = 17.1.32228.430
MinimumVisualStudioVersion = 10.0.40219.1
Project("{8BC9CEB8-8B4A-11D0-8D11-00A0C91BC942}") = "01_CreateThread", "01_CreateThread\01_CreateThread.vcxproj", "{4FC6CAE0-F836-4E56-B625-00F38EF247E9}"
EndProject
Project("{8BC9CEB8-8B4A-11D0-8D11-00A0C91BC942}") = "02_ThreadExcept", "02_ThreadExcept\02_ThreadExcept.vcxproj", "{166ADB67-7068-416E-BBA5-CBB6B927E825}"
EndProject
Project("{8BC9CEB8-8B4A-11D0-8D11-00A0C91BC942}") = "19_WQNotify", "19_WQNotify\19_WQNotify.vcxproj", "{486C779F-E006-4116-AEA3-E69CBB52CA51}"
EndProject
Project("{8BC9CEB8-8B4A-11D0-8D11-00A0C91BC942}") = "03_MyThread", "03_MyThread\03_MyThread.vcxproj", "{0D50476F-00F6-436D-8D36-FB220591AB5F}"
EndProject
Project("{8BC9CEB8-8B4A-11D0-8D11-00A0C91BC942}") = "04_InterLock", "04_InterLock\04_InterLock.vcxproj", "{6B989D88-C35F-4A66-A977-D9E5EF53ED0F}"
EndProject
Project("{8BC9CEB8-8B4A-11D0-8D11-00A0C91BC942}") = "05_MemBarrier", "05_MemBarrier\05_MemBarrier.vcxproj", "{0C467F78-3A77-4DB2-9B0F-35FCA5955EB0}"
EndProject
Project("{8BC9CEB8-8B4A-11D0-8D11-00A0C91BC942}") = "06_WaitThread", "06_WaitThread\06_WaitThread.vcxproj", "{5EEA1CDD-8579-4D61-A0BC-F740524E6CEE}"
EndProject
Project("{8BC9CEB8-8B4A-11D0-8D11-00A0C91BC942}") = "07_MyThread2", "07_MyThread2\07_MyThread2.vcxproj", "{3D23AD93-8A57-4FA9-8E1D-557BF471113D}"
EndProject
Project("{8BC9CEB8-8B4A-11D0-8D11-00A0C91BC942}") = "20_EventNotify2", "20_EventNotify2\20_EventNotify2.vcxproj", "{AFF93E72-C851-49B4-9D34-6381933EF44D}"
EndProject
Project("{8BC9CEB8-8B4A-11D0-8D11-00A0C91BC942}") = "18_EventNotify", "18_EventNotify\18_EventNotify.vcxproj", "{0770D5CA-FB39-459D-B844-7BC851325047}"
EndProject
Project("{8BC9CEB8-8B4A-11D0-8D11-00A0C91BC942}") = "08_WaitMultiThreads", "08_WaitMultiThreads\08_WaitMultiThreads.vcxproj", "{B33285A5-A78C-4319-8F00-7D22AC4BDDC1}"
EndProject
Project("{8BC9CEB8-8B4A-11D0-8D11-00A0C91BC942}") = "09_MutexTest", "09_MutexTest\09_MutexTest.vcxproj", "{5E68C2A8-481B-4728-B3E2-44BF573AEC09}"
EndProject
Project("{8BC9CEB8-8B4A-11D0-8D11-00A0C91BC942}") = "22_EvtRWLock2", "22_EvtRWLock2\22_EvtRWLock2.vcxproj", "{4543AB36-BCEA-4D93-916C-11DB9239EC87}"
EndProject
Project("{8BC9CEB8-8B4A-11D0-8D11-00A0C91BC942}") = "17_MultiSyncWaits", "17_MultiSyncWaits\17_MultiSyncWaits.vcxproj", "{FB9118C7-CCCD-4AE4-A43E-A1E5041B94F2}"
EndProject
Project("{8BC9CEB8-8B4A-11D0-8D11-00A0C91BC942}") = "23_WaitableTimerTest", "23_WaitableTimerTest\23_WaitableTimerTest.vcxproj", "{07FFE686-03A5-44AB-9E05-F73FC9D8BF3D}"
EndProject
Project("{8BC9CEB8-8B4A-11D0-8D11-00A0C91BC942}") = "24_WaitableTimerTest2", "24_WaitableTimerTest2\24_WaitableTimerTest2.vcxproj", "{E6AF13BD-5641-475B-98FF-31F12223E50F}"
EndProject
Project("{8BC9CEB8-8B4A-11D0-8D11-00A0C91BC942}") = "10_MutexNoti", "10_MutexNoti\10_MutexNoti.vcxproj", "{4CB41052-31A0-49A8-BB94-9F2C05CCA236}"
EndProject
Project("{8BC9CEB8-8B4A-11D0-8D11-00A0C91BC942}") = "16_EventTest", "16_EventTest\16_EventTest.vcxproj", "{2B73C01C-5874-4A35-A8CE-821B528B084E}"
EndProject
Project("{8BC9CEB8-8B4A-11D0-8D11-00A0C91BC942}") = "25_ManualWTTest", "25_ManualWTTest\25_ManualWTTest.vcxproj", "{5C948B80-F6B6-4703-8818-513A9B26AFD9}"
EndProject
Project("{8BC9CEB8-8B4A-11D0-8D11-00A0C91BC942}") = "11_SemaphoreTest", "11_SemaphoreTest\11_SemaphoreTest.vcxproj", "{FA5B08B6-C663-4C4D-B196-086FE35CF288}"
EndProject
Project("{8BC9CEB8-8B4A-11D0-8D11-00A0C91BC942}") = "12_TPSemaphore", "12_TPSemaphore\12_TPSemaphore.vcxproj", "{05486B08-25C2-4287-84D2-8FDF08C58ED4}"
EndProject
Project("{8BC9CEB8-8B4A-11D0-8D11-00A0C91BC942}") = "26_WakeSleepSystem", "26_WakeSleepSystem\26_WakeSleepSystem.vcxproj", "{4C1E5C42-EC80-46D6-BC20-F7C8CBF81FAF}"
EndProject
Project("{8BC9CEB8-8B4A-11D0-8D11-00A0C91BC942}") = "21_EvtRWLock", "21_EvtRWLock\21_EvtRWLock.vcxproj", "{8CED6AE4-A3BE-42D3-B0F9-554DFC0D89BF}"
EndProject
Project("{8BC9CEB8-8B4A-11D0-8D11-00A0C91BC942}") = "27_SetWaitableTimerEx", "27_SetWaitableTimerEx\27_SetWaitableTimerEx.vcxproj", "{A9B6CD1E-E568-4146-A436-44C53A6DB777}"
EndProject
Project("{8BC9CEB8-8B4A-11D0-8D11-00A0C91BC942}") = "28_MsgNotify", "28_MsgNotify\28_MsgNotify.vcxproj", "{06FC26BE-9FC0-4D4D-BADC-B1A6FC31A9D6}"
EndProject
Project("{8BC9CEB8-8B4A-11D0-8D11-00A0C91BC942}") = "29_MsgQueue", "29_MsgQueue\29_MsgQueue.vcxproj", "{8E17CB32-9D01-4842-8620-AE5047153987}"
EndProject
Project("{8BC9CEB8-8B4A-11D0-8D11-00A0C91BC942}") = "13_WQSemaphore", "13_WQSemaphore\13_WQSemaphore.vcxproj", "{73657BF5-5572-43FE-B6C3-99DD6AAC3C2A}"
EndProject
Project("{8BC9CEB8-8B4A-11D0-8D11-00A0C91BC942}") = "14_ExitWithEvent", "14_ExitWithEvent\14_ExitWithEvent.vcxproj", "{7484A18F-CF27-496A-ADCC-A5279E2A8697}"
EndProject
Project("{8BC9CEB8-8B4A-11D0-8D11-00A0C91BC942}") = "15_MyThread3", "15_MyThread3\15_MyThread3.vcxproj", "{DD432EA1-D783-44DB-A94B-2AC19726988E}"
EndProject
Project("{8BC9CEB8-8B4A-11D0-8D11-00A0C91BC942}") = "30_MsgWaitMulti", "30_MsgWaitMulti\30_MsgWaitMulti.vcxproj", "{605377FF-B0E7-49C3-BF3F-A39BDD5AB45C}"
EndProject
Project("{8BC9CEB8-8B4A-11D0-8D11-00A0C91BC942}") = "31_WaitPool", "31_WaitPool\31_WaitPool.vcxproj", "{0435A104-A3E4-4AC4-8211-3D4FEB6D213A}"
EndProject
Project("{8BC9CEB8-8B4A-11D0-8D11-00A0C91BC942}") = "32_BackgroundWorker", "32_BackgroundWorker\32_BackgroundWorker.vcxproj", "{CE4DEBC9-B059-4A16-85E8-B81F55C22862}"
EndProject
Project("{8BC9CEB8-8B4A-11D0-8D11-00A0C91BC942}") = "34_CriticalSectionAccount", "34_CriticalSectionAccount\34_CriticalSectionAccount.vcxproj", "{A0E782EB-B925-4F4E-92CF-777C288630EE}"
EndProject
Project("{8BC9CEB8-8B4A-11D0-8D11-00A0C91BC942}") = "35_CriticalSectionTest", "35_CriticalSectionTest\35_CriticalSectionTest.vcxproj", "{98A5E0EA-80D2-4616-BFEA-F08971E83C6C}"
EndProject
Project("{8BC9CEB8-8B4A-11D0-8D11-00A0C91BC942}") = "36_MyCSLock", "36_MyCSLock\36_MyCSLock.vcxproj", "{23A7B2D0-82DA-4F5B-B961-83B9D76FCE0C}"
EndProject
Global
	GlobalSection(SolutionConfigurationPlatforms) = preSolution
		Debug|Any CPU = Debug|Any CPU
		Debug|x64 = Debug|x64
		Debug|x86 = Debug|x86
		Release|Any CPU = Release|Any CPU
		Release|x64 = Release|x64
		Release|x86 = Release|x86
	EndGlobalSection
	GlobalSection(ProjectConfigurationPlatforms) = postSolution
		{4FC6CAE0-F836-4E56-B625-00F38EF247E9}.Debug|Any CPU.ActiveCfg = Debug|x64
		{4FC6CAE0-F836-4E56-B625-00F38EF247E9}.Debug|Any CPU.Build.0 = Debug|x64
		{4FC6CAE0-F836-4E56-B625-00F38EF247E9}.Debug|x64.ActiveCfg = Debug|x64
		{4FC6CAE0-F836-4E56-B625-00F38EF247E9}.Debug|x64.Build.0 = Debug|x64
		{4FC6CAE0-F836-4E56-B625-00F38EF247E9}.Debug|x86.ActiveCfg = Debug|Win32
		{4FC6CAE0-F836-4E56-B625-00F38EF247E9}.Debug|x86.Build.0 = Debug|Win32
		{4FC6CAE0-F836-4E56-B625-00F38EF247E9}.Release|Any CPU.ActiveCfg = Release|x64
		{4FC6CAE0-F836-4E56-B625-00F38EF247E9}.Release|Any CPU.Build.0 = Release|x64
		{4FC6CAE0-F836-4E56-B625-00F38EF247E9}.Release|x64.ActiveCfg = Release|x64
		{4FC6CAE0-F836-4E56-B625-00F38EF247E9}.Release|x64.Build.0 = Release|x64
		{4FC6CAE0-F836-4E56-B625-00F38EF247E9}.Release|x86.ActiveCfg = Release|Win32
		{4FC6CAE0-F836-4E56-B625-00F38EF247E9}.Release|x86.Build.0 = Release|Win32
		{166ADB67-7068-416E-BBA5-CBB6B927E825}.Debug|Any CPU.ActiveCfg = Debug|x64
		{166ADB67-7068-416E-BBA5-CBB6B927E825}.Debug|Any CPU.Build.0 = Debug|x64
		{166ADB67-7068-416E-BBA5-CBB6B927E825}.Debug|x64.ActiveCfg = Debug|x64
		{166ADB67-7068-416E-BBA5-CBB6B927E825}.Debug|x64.Build.0 = Debug|x64
		{166ADB67-7068-416E-BBA5-CBB6B927E825}.Debug|x86.ActiveCfg = Debug|Win32
		{166ADB67-7068-416E-BBA5-CBB6B927E825}.Debug|x86.Build.0 = Debug|Win32
		{166ADB67-7068-416E-BBA5-CBB6B927E825}.Release|Any CPU.ActiveCfg = Release|x64
		{166ADB67-7068-416E-BBA5-CBB6B927E825}.Release|Any CPU.Build.0 = Release|x64
		{166ADB67-7068-416E-BBA5-CBB6B927E825}.Release|x64.ActiveCfg = Release|x64
		{166ADB67-7068-416E-BBA5-CBB6B927E825}.Release|x64.Build.0 = Release|x64
		{166ADB67-7068-416E-BBA5-CBB6B927E825}.Release|x86.ActiveCfg = Release|Win32
		{166ADB67-7068-416E-BBA5-CBB6B927E825}.Release|x86.Build.0 = Release|Win32
		{486C779F-E006-4116-AEA3-E69CBB52CA51}.Debug|Any CPU.ActiveCfg = Debug|x64
		{486C779F-E006-4116-AEA3-E69CBB52CA51}.Debug|Any CPU.Build.0 = Debug|x64
		{486C779F-E006-4116-AEA3-E69CBB52CA51}.Debug|x64.ActiveCfg = Debug|x64
		{486C779F-E006-4116-AEA3-E69CBB52CA51}.Debug|x64.Build.0 = Debug|x64
		{486C779F-E006-4116-AEA3-E69CBB52CA51}.Debug|x86.ActiveCfg = Debug|Win32
		{486C779F-E006-4116-AEA3-E69CBB52CA51}.Debug|x86.Build.0 = Debug|Win32
		{486C779F-E006-4116-AEA3-E69CBB52CA51}.Release|Any CPU.ActiveCfg = Release|x64
		{486C779F-E006-4116-AEA3-E69CBB52CA51}.Release|Any CPU.Build.0 = Release|x64
		{486C779F-E006-4116-AEA3-E69CBB52CA51}.Release|x64.ActiveCfg = Release|x64
		{486C779F-E006-4116-AEA3-E69CBB52CA51}.Release|x64.Build.0 = Release|x64
		{486C779F-E006-4116-AEA3-E69CBB52CA51}.Release|x86.ActiveCfg = Release|Win32
		{486C779F-E006-4116-AEA3-E69CBB52CA51}.Release|x86.Build.0 = Release|Win32
		{0D50476F-00F6-436D-8D36-FB220591AB5F}.Debug|Any CPU.ActiveCfg = Debug|x64
		{0D50476F-00F6-436D-8D36-FB220591AB5F}.Debug|Any CPU.Build.0 = Debug|x64
		{0D50476F-00F6-436D-8D36-FB220591AB5F}.Debug|x64.ActiveCfg = Debug|x64
		{0D50476F-00F6-436D-8D36-FB220591AB5F}.Debug|x64.Build.0 = Debug|x64
		{0D50476F-00F6-436D-8D36-FB220591AB5F}.Debug|x86.ActiveCfg = Debug|Win32
		{0D50476F-00F6-436D-8D36-FB220591AB5F}.Debug|x86.Build.0 = Debug|Win32
		{0D50476F-00F6-436D-8D36-FB220591AB5F}.Release|Any CPU.ActiveCfg = Release|x64
		{0D50476F-00F6-436D-8D36-FB220591AB5F}.Release|Any CPU.Build.0 = Release|x64
		{0D50476F-00F6-436D-8D36-FB220591AB5F}.Release|x64.ActiveCfg = Release|x64
		{0D50476F-00F6-436D-8D36-FB220591AB5F}.Release|x64.Build.0 = Release|x64
		{0D50476F-00F6-436D-8D36-FB220591AB5F}.Release|x86.ActiveCfg = Release|Win32
		{0D50476F-00F6-436D-8D36-FB220591AB5F}.Release|x86.Build.0 = Release|Win32
		{6B989D88-C35F-4A66-A977-D9E5EF53ED0F}.Debug|Any CPU.ActiveCfg = Debug|x64
		{6B989D88-C35F-4A66-A977-D9E5EF53ED0F}.Debug|Any CPU.Build.0 = Debug|x64
		{6B989D88-C35F-4A66-A977-D9E5EF53ED0F}.Debug|x64.ActiveCfg = Debug|x64
		{6B989D88-C35F-4A66-A977-D9E5EF53ED0F}.Debug|x64.Build.0 = Debug|x64
		{6B989D88-C35F-4A66-A977-D9E5EF53ED0F}.Debug|x86.ActiveCfg = Debug|Win32
		{6B989D88-C35F-4A66-A977-D9E5EF53ED0F}.Debug|x86.Build.0 = Debug|Win32
		{6B989D88-C35F-4A66-A977-D9E5EF53ED0F}.Release|Any CPU.ActiveCfg = Release|x64
		{6B989D88-C35F-4A66-A977-D9E5EF53ED0F}.Release|Any CPU.Build.0 = Release|x64
		{6B989D88-C35F-4A66-A977-D9E5EF53ED0F}.Release|x64.ActiveCfg = Release|x64
		{6B989D88-C35F-4A66-A977-D9E5EF53ED0F}.Release|x64.Build.0 = Release|x64
		{6B989D88-C35F-4A66-A977-D9E5EF53ED0F}.Release|x86.ActiveCfg = Release|Win32
		{6B989D88-C35F-4A66-A977-D9E5EF53ED0F}.Release|x86.Build.0 = Release|Win32
		{0C467F78-3A77-4DB2-9B0F-35FCA5955EB0}.Debug|Any CPU.ActiveCfg = Debug|x64
		{0C467F78-3A77-4DB2-9B0F-35FCA5955EB0}.Debug|Any CPU.Build.0 = Debug|x64
		{0C467F78-3A77-4DB2-9B0F-35FCA5955EB0}.Debug|x64.ActiveCfg = Debug|x64
		{0C467F78-3A77-4DB2-9B0F-35FCA5955EB0}.Debug|x64.Build.0 = Debug|x64
		{0C467F78-3A77-4DB2-9B0F-35FCA5955EB0}.Debug|x86.ActiveCfg = Debug|Win32
		{0C467F78-3A77-4DB2-9B0F-35FCA5955EB0}.Debug|x86.Build.0 = Debug|Win32
		{0C467F78-3A77-4DB2-9B0F-35FCA5955EB0}.Release|Any CPU.ActiveCfg = Release|x64
		{0C467F78-3A77-4DB2-9B0F-35FCA5955EB0}.Release|Any CPU.Build.0 = Release|x64
		{0C467F78-3A77-4DB2-9B0F-35FCA5955EB0}.Release|x64.ActiveCfg = Release|x64
		{0C467F78-3A77-4DB2-9B0F-35FCA5955EB0}.Release|x64.Build.0 = Release|x64
		{0C467F78-3A77-4DB2-9B0F-35FCA5955EB0}.Release|x86.ActiveCfg = Release|Win32
		{0C467F78-3A77-4DB2-9B0F-35FCA5955EB0}.Release|x86.Build.0 = Release|Win32
		{5EEA1CDD-8579-4D61-A0BC-F740524E6CEE}.Debug|Any CPU.ActiveCfg = Debug|x64
		{5EEA1CDD-8579-4D61-A0BC-F740524E6CEE}.Debug|Any CPU.Build.0 = Debug|x64
		{5EEA1CDD-8579-4D61-A0BC-F740524E6CEE}.Debug|x64.ActiveCfg = Debug|x64
		{5EEA1CDD-8579-4D61-A0BC-F740524E6CEE}.Debug|x64.Build.0 = Debug|x64
		{5EEA1CDD-8579-4D61-A0BC-F740524E6CEE}.Debug|x86.ActiveCfg = Debug|Win32
		{5EEA1CDD-8579-4D61-A0BC-F740524E6CEE}.Debug|x86.Build.0 = Debug|Win32
		{5EEA1CDD-8579-4D61-A0BC-F740524E6CEE}.Release|Any CPU.ActiveCfg = Release|x64
		{5EEA1CDD-8579-4D61-A0BC-F740524E6CEE}.Release|Any CPU.Build.0 = Release|x64
		{5EEA1CDD-8579-4D61-A0BC-F740524E6CEE}.Release|x64.ActiveCfg = Release|x64
		{5EEA1CDD-8579-4D61-A0BC-F740524E6CEE}.Release|x64.Build.0 = Release|x64
		{5EEA1CDD-8579-4D61-A0BC-F740524E6CEE}.Release|x86.ActiveCfg = Release|Win32
		{5EEA1CDD-8579-4D61-A0BC-F740524E6CEE}.Release|x86.Build.0 = Release|Win32
		{3D23AD93-8A57-4FA9-8E1D-557BF471113D}.Debug|Any CPU.ActiveCfg = Debug|x64
		{3D23AD93-8A57-4FA9-8E1D-557BF471113D}.Debug|Any CPU.Build.0 = Debug|x64
		{3D23AD93-8A57-4FA9-8E1D-557BF471113D}.Debug|x64.ActiveCfg = Debug|x64
		{3D23AD93-8A57-4FA9-8E1D-557BF471113D}.Debug|x64.Build.0 = Debug|x64
		{3D23AD93-8A57-4FA9-8E1D-557BF471113D}.Debug|x86.ActiveCfg = Debug|Win32
		{3D23AD93-8A57-4FA9-8E1D-557BF471113D}.Debug|x86.Build.0 = Debug|Win32
		{3D23AD93-8A57-4FA9-8E1D-557BF471113D}.Release|Any CPU.ActiveCfg = Release|x64
		{3D23AD93-8A57-4FA9-8E1D-557BF471113D}.Release|Any CPU.Build.0 = Release|x64
		{3D23AD93-8A57-4FA9-8E1D-557BF471113D}.Release|x64.ActiveCfg = Release|x64
		{3D23AD93-8A57-4FA9-8E1D-557BF471113D}.Release|x64.Build.0 = Release|x64
		{3D23AD93-8A57-4FA9-8E1D-557BF471113D}.Release|x86.ActiveCfg = Release|Win32
		{3D23AD93-8A57-4FA9-8E1D-557BF471113D}.Release|x86.Build.0 = Release|Win32
		{AFF93E72-C851-49B4-9D34-6381933EF44D}.Debug|Any CPU.ActiveCfg = Debug|x64
		{AFF93E72-C851-49B4-9D34-6381933EF44D}.Debug|Any CPU.Build.0 = Debug|x64
		{AFF93E72-C851-49B4-9D34-6381933EF44D}.Debug|x64.ActiveCfg = Debug|x64
		{AFF93E72-C851-49B4-9D34-6381933EF44D}.Debug|x64.Build.0 = Debug|x64
		{AFF93E72-C851-49B4-9D34-6381933EF44D}.Debug|x86.ActiveCfg = Debug|Win32
		{AFF93E72-C851-49B4-9D34-6381933EF44D}.Debug|x86.Build.0 = Debug|Win32
		{AFF93E72-C851-49B4-9D34-6381933EF44D}.Release|Any CPU.ActiveCfg = Release|x64
		{AFF93E72-C851-49B4-9D34-6381933EF44D}.Release|Any CPU.Build.0 = Release|x64
		{AFF93E72-C851-49B4-9D34-6381933EF44D}.Release|x64.ActiveCfg = Release|x64
		{AFF93E72-C851-49B4-9D34-6381933EF44D}.Release|x64.Build.0 = Release|x64
		{AFF93E72-C851-49B4-9D34-6381933EF44D}.Release|x86.ActiveCfg = Release|Win32
		{AFF93E72-C851-49B4-9D34-6381933EF44D}.Release|x86.Build.0 = Release|Win32
		{0770D5CA-FB39-459D-B844-7BC851325047}.Debug|Any CPU.ActiveCfg = Debug|x64
		{0770D5CA-FB39-459D-B844-7BC851325047}.Debug|Any CPU.Build.0 = Debug|x64
		{0770D5CA-FB39-459D-B844-7BC851325047}.Debug|x64.ActiveCfg = Debug|x64
		{0770D5CA-FB39-459D-B844-7BC851325047}.Debug|x64.Build.0 = Debug|x64
		{0770D5CA-FB39-459D-B844-7BC851325047}.Debug|x86.ActiveCfg = Debug|Win32
		{0770D5CA-FB39-459D-B844-7BC851325047}.Debug|x86.Build.0 = Debug|Win32
		{0770D5CA-FB39-459D-B844-7BC851325047}.Release|Any CPU.ActiveCfg = Release|x64
		{0770D5CA-FB39-459D-B844-7BC851325047}.Release|Any CPU.Build.0 = Release|x64
		{0770D5CA-FB39-459D-B844-7BC851325047}.Release|x64.ActiveCfg = Release|x64
		{0770D5CA-FB39-459D-B844-7BC851325047}.Release|x64.Build.0 = Release|x64
		{0770D5CA-FB39-459D-B844-7BC851325047}.Release|x86.ActiveCfg = Release|Win32
		{0770D5CA-FB39-459D-B844-7BC851325047}.Release|x86.Build.0 = Release|Win32
		{B33285A5-A78C-4319-8F00-7D22AC4BDDC1}.Debug|Any CPU.ActiveCfg = Debug|x64
		{B33285A5-A78C-4319-8F00-7D22AC4BDDC1}.Debug|Any CPU.Build.0 = Debug|x64
		{B33285A5-A78C-4319-8F00-7D22AC4BDDC1}.Debug|x64.ActiveCfg = Debug|x64
		{B33285A5-A78C-4319-8F00-7D22AC4BDDC1}.Debug|x64.Build.0 = Debug|x64
		{B33285A5-A78C-4319-8F00-7D22AC4BDDC1}.Debug|x86.ActiveCfg = Debug|Win32
		{B33285A5-A78C-4319-8F00-7D22AC4BDDC1}.Debug|x86.Build.0 = Debug|Win32
		{B33285A5-A78C-4319-8F00-7D22AC4BDDC1}.Release|Any CPU.ActiveCfg = Release|x64
		{B33285A5-A78C-4319-8F00-7D22AC4BDDC1}.Release|Any CPU.Build.0 = Release|x64
		{B33285A5-A78C-4319-8F00-7D22AC4BDDC1}.Release|x64.ActiveCfg = Release|x64
		{B33285A5-A78C-4319-8F00-7D22AC4BDDC1}.Release|x64.Build.0 = Release|x64
		{B33285A5-A78C-4319-8F00-7D22AC4BDDC1}.Release|x86.ActiveCfg = Release|Win32
		{B33285A5-A78C-4319-8F00-7D22AC4BDDC1}.Release|x86.Build.0 = Release|Win32
		{5E68C2A8-481B-4728-B3E2-44BF573AEC09}.Debug|Any CPU.ActiveCfg = Debug|x64
		{5E68C2A8-481B-4728-B3E2-44BF573AEC09}.Debug|Any CPU.Build.0 = Debug|x64
		{5E68C2A8-481B-4728-B3E2-44BF573AEC09}.Debug|x64.ActiveCfg = Debug|x64
		{5E68C2A8-481B-4728-B3E2-44BF573AEC09}.Debug|x64.Build.0 = Debug|x64
		{5E68C2A8-481B-4728-B3E2-44BF573AEC09}.Debug|x86.ActiveCfg = Debug|Win32
		{5E68C2A8-481B-4728-B3E2-44BF573AEC09}.Debug|x86.Build.0 = Debug|Win32
		{5E68C2A8-481B-4728-B3E2-44BF573AEC09}.Release|Any CPU.ActiveCfg = Release|x64
		{5E68C2A8-481B-4728-B3E2-44BF573AEC09}.Release|Any CPU.Build.0 = Release|x64
		{5E68C2A8-481B-4728-B3E2-44BF573AEC09}.Release|x64.ActiveCfg = Release|x64
		{5E68C2A8-481B-4728-B3E2-44BF573AEC09}.Release|x64.Build.0 = Release|x64
		{5E68C2A8-481B-4728-B3E2-44BF573AEC09}.Release|x86.ActiveCfg = Release|Win32
		{5E68C2A8-481B-4728-B3E2-44BF573AEC09}.Release|x86.Build.0 = Release|Win32
		{4543AB36-BCEA-4D93-916C-11DB9239EC87}.Debug|Any CPU.ActiveCfg = Debug|x64
		{4543AB36-BCEA-4D93-916C-11DB9239EC87}.Debug|Any CPU.Build.0 = Debug|x64
		{4543AB36-BCEA-4D93-916C-11DB9239EC87}.Debug|x64.ActiveCfg = Debug|x64
		{4543AB36-BCEA-4D93-916C-11DB9239EC87}.Debug|x64.Build.0 = Debug|x64
		{4543AB36-BCEA-4D93-916C-11DB9239EC87}.Debug|x86.ActiveCfg = Debug|Win32
		{4543AB36-BCEA-4D93-916C-11DB9239EC87}.Debug|x86.Build.0 = Debug|Win32
		{4543AB36-BCEA-4D93-916C-11DB9239EC87}.Release|Any CPU.ActiveCfg = Release|x64
		{4543AB36-BCEA-4D93-916C-11DB9239EC87}.Release|Any CPU.Build.0 = Release|x64
		{4543AB36-BCEA-4D93-916C-11DB9239EC87}.Release|x64.ActiveCfg = Release|x64
		{4543AB36-BCEA-4D93-916C-11DB9239EC87}.Release|x64.Build.0 = Release|x64
		{4543AB36-BCEA-4D93-916C-11DB9239EC87}.Release|x86.ActiveCfg = Release|Win32
		{4543AB36-BCEA-4D93-916C-11DB9239EC87}.Release|x86.Build.0 = Release|Win32
		{FB9118C7-CCCD-4AE4-A43E-A1E5041B94F2}.Debug|Any CPU.ActiveCfg = Debug|x64
		{FB9118C7-CCCD-4AE4-A43E-A1E5041B94F2}.Debug|Any CPU.Build.0 = Debug|x64
		{FB9118C7-CCCD-4AE4-A43E-A1E5041B94F2}.Debug|x64.ActiveCfg = Debug|x64
		{FB9118C7-CCCD-4AE4-A43E-A1E5041B94F2}.Debug|x64.Build.0 = Debug|x64
		{FB9118C7-CCCD-4AE4-A43E-A1E5041B94F2}.Debug|x86.ActiveCfg = Debug|Win32
		{FB9118C7-CCCD-4AE4-A43E-A1E5041B94F2}.Debug|x86.Build.0 = Debug|Win32
		{FB9118C7-CCCD-4AE4-A43E-A1E5041B94F2}.Release|Any CPU.ActiveCfg = Release|x64
		{FB9118C7-CCCD-4AE4-A43E-A1E5041B94F2}.Release|Any CPU.Build.0 = Release|x64
		{FB9118C7-CCCD-4AE4-A43E-A1E5041B94F2}.Release|x64.ActiveCfg = Release|x64
		{FB9118C7-CCCD-4AE4-A43E-A1E5041B94F2}.Release|x64.Build.0 = Release|x64
		{FB9118C7-CCCD-4AE4-A43E-A1E5041B94F2}.Release|x86.ActiveCfg = Release|Win32
		{FB9118C7-CCCD-4AE4-A43E-A1E5041B94F2}.Release|x86.Build.0 = Release|Win32
		{07FFE686-03A5-44AB-9E05-F73FC9D8BF3D}.Debug|Any CPU.ActiveCfg = Debug|x64
		{07FFE686-03A5-44AB-9E05-F73FC9D8BF3D}.Debug|Any CPU.Build.0 = Debug|x64
		{07FFE686-03A5-44AB-9E05-F73FC9D8BF3D}.Debug|x64.ActiveCfg = Debug|x64
		{07FFE686-03A5-44AB-9E05-F73FC9D8BF3D}.Debug|x64.Build.0 = Debug|x64
		{07FFE686-03A5-44AB-9E05-F73FC9D8BF3D}.Debug|x86.ActiveCfg = Debug|Win32
		{07FFE686-03A5-44AB-9E05-F73FC9D8BF3D}.Debug|x86.Build.0 = Debug|Win32
		{07FFE686-03A5-44AB-9E05-F73FC9D8BF3D}.Release|Any CPU.ActiveCfg = Release|x64
		{07FFE686-03A5-44AB-9E05-F73FC9D8BF3D}.Release|Any CPU.Build.0 = Release|x64
		{07FFE686-03A5-44AB-9E05-F73FC9D8BF3D}.Release|x64.ActiveCfg = Release|x64
		{07FFE686-03A5-44AB-9E05-F73FC9D8BF3D}.Release|x64.Build.0 = Release|x64
		{07FFE686-03A5-44AB-9E05-F73FC9D8BF3D}.Release|x86.ActiveCfg = Release|Win32
		{07FFE686-03A5-44AB-9E05-F73FC9D8BF3D}.Release|x86.Build.0 = Release|Win32
		{E6AF13BD-5641-475B-98FF-31F12223E50F}.Debug|Any CPU.ActiveCfg = Debug|x64
		{E6AF13BD-5641-475B-98FF-31F12223E50F}.Debug|Any CPU.Build.0 = Debug|x64
		{E6AF13BD-5641-475B-98FF-31F12223E50F}.Debug|x64.ActiveCfg = Debug|x64
		{E6AF13BD-5641-475B-98FF-31F12223E50F}.Debug|x64.Build.0 = Debug|x64
		{E6AF13BD-5641-475B-98FF-31F12223E50F}.Debug|x86.ActiveCfg = Debug|Win32
		{E6AF13BD-5641-475B-98FF-31F12223E50F}.Debug|x86.Build.0 = Debug|Win32
		{E6AF13BD-5641-475B-98FF-31F12223E50F}.Release|Any CPU.ActiveCfg = Release|x64
		{E6AF13BD-5641-475B-98FF-31F12223E50F}.Release|Any CPU.Build.0 = Release|x64
		{E6AF13BD-5641-475B-98FF-31F12223E50F}.Release|x64.ActiveCfg = Release|x64
		{E6AF13BD-5641-475B-98FF-31F12223E50F}.Release|x64.Build.0 = Release|x64
		{E6AF13BD-5641-475B-98FF-31F12223E50F}.Release|x86.ActiveCfg = Release|Win32
		{E6AF13BD-5641-475B-98FF-31F12223E50F}.Release|x86.Build.0 = Release|Win32
		{4CB41052-31A0-49A8-BB94-9F2C05CCA236}.Debug|Any CPU.ActiveCfg = Debug|x64
		{4CB41052-31A0-49A8-BB94-9F2C05CCA236}.Debug|Any CPU.Build.0 = Debug|x64
		{4CB41052-31A0-49A8-BB94-9F2C05CCA236}.Debug|x64.ActiveCfg = Debug|x64
		{4CB41052-31A0-49A8-BB94-9F2C05CCA236}.Debug|x64.Build.0 = Debug|x64
		{4CB41052-31A0-49A8-BB94-9F2C05CCA236}.Debug|x86.ActiveCfg = Debug|Win32
		{4CB41052-31A0-49A8-BB94-9F2C05CCA236}.Debug|x86.Build.0 = Debug|Win32
		{4CB41052-31A0-49A8-BB94-9F2C05CCA236}.Release|Any CPU.ActiveCfg = Release|x64
		{4CB41052-31A0-49A8-BB94-9F2C05CCA236}.Release|Any CPU.Build.0 = Release|x64
		{4CB41052-31A0-49A8-BB94-9F2C05CCA236}.Release|x64.ActiveCfg = Release|x64
		{4CB41052-31A0-49A8-BB94-9F2C05CCA236}.Release|x64.Build.0 = Release|x64
		{4CB41052-31A0-49A8-BB94-9F2C05CCA236}.Release|x86.ActiveCfg = Release|Win32
		{4CB41052-31A0-49A8-BB94-9F2C05CCA236}.Release|x86.Build.0 = Release|Win32
		{2B73C01C-5874-4A35-A8CE-821B528B084E}.Debug|Any CPU.ActiveCfg = Debug|x64
		{2B73C01C-5874-4A35-A8CE-821B528B084E}.Debug|Any CPU.Build.0 = Debug|x64
		{2B73C01C-5874-4A35-A8CE-821B528B084E}.Debug|x64.ActiveCfg = Debug|x64
		{2B73C01C-5874-4A35-A8CE-821B528B084E}.Debug|x64.Build.0 = Debug|x64
		{2B73C01C-5874-4A35-A8CE-821B528B084E}.Debug|x86.ActiveCfg = Debug|Win32
		{2B73C01C-5874-4A35-A8CE-821B528B084E}.Debug|x86.Build.0 = Debug|Win32
		{2B73C01C-5874-4A35-A8CE-821B528B084E}.Release|Any CPU.ActiveCfg = Release|x64
		{2B73C01C-5874-4A35-A8CE-821B528B084E}.Release|Any CPU.Build.0 = Release|x64
		{2B73C01C-5874-4A35-A8CE-821B528B084E}.Release|x64.ActiveCfg = Release|x64
		{2B73C01C-5874-4A35-A8CE-821B528B084E}.Release|x64.Build.0 = Release|x64
		{2B73C01C-5874-4A35-A8CE-821B528B084E}.Release|x86.ActiveCfg = Release|Win32
		{2B73C01C-5874-4A35-A8CE-821B528B084E}.Release|x86.Build.0 = Release|Win32
		{5C948B80-F6B6-4703-8818-513A9B26AFD9}.Debug|Any CPU.ActiveCfg = Debug|x64
		{5C948B80-F6B6-4703-8818-513A9B26AFD9}.Debug|Any CPU.Build.0 = Debug|x64
		{5C948B80-F6B6-4703-8818-513A9B26AFD9}.Debug|x64.ActiveCfg = Debug|x64
		{5C948B80-F6B6-4703-8818-513A9B26AFD9}.Debug|x64.Build.0 = Debug|x64
		{5C948B80-F6B6-4703-8818-513A9B26AFD9}.Debug|x86.ActiveCfg = Debug|Win32
		{5C948B80-F6B6-4703-8818-513A9B26AFD9}.Debug|x86.Build.0 = Debug|Win32
		{5C948B80-F6B6-4703-8818-513A9B26AFD9}.Release|Any CPU.ActiveCfg = Release|x64
		{5C948B80-F6B6-4703-8818-513A9B26AFD9}.Release|Any CPU.Build.0 = Release|x64
		{5C948B80-F6B6-4703-8818-513A9B26AFD9}.Release|x64.ActiveCfg = Release|x64
		{5C948B80-F6B6-4703-8818-513A9B26AFD9}.Release|x64.Build.0 = Release|x64
		{5C948B80-F6B6-4703-8818-513A9B26AFD9}.Release|x86.ActiveCfg = Release|Win32
		{5C948B80-F6B6-4703-8818-513A9B26AFD9}.Release|x86.Build.0 = Release|Win32
		{FA5B08B6-C663-4C4D-B196-086FE35CF288}.Debug|Any CPU.ActiveCfg = Debug|x64
		{FA5B08B6-C663-4C4D-B196-086FE35CF288}.Debug|Any CPU.Build.0 = Debug|x64
		{FA5B08B6-C663-4C4D-B196-086FE35CF288}.Debug|x64.ActiveCfg = Debug|x64
		{FA5B08B6-C663-4C4D-B196-086FE35CF288}.Debug|x64.Build.0 = Debug|x64
		{FA5B08B6-C663-4C4D-B196-086FE35CF288}.Debug|x86.ActiveCfg = Debug|Win32
		{FA5B08B6-C663-4C4D-B196-086FE35CF288}.Debug|x86.Build.0 = Debug|Win32
		{FA5B08B6-C663-4C4D-B196-086FE35CF288}.Release|Any CPU.ActiveCfg = Release|x64
		{FA5B08B6-C663-4C4D-B196-086FE35CF288}.Release|Any CPU.Build.0 = Release|x64
		{FA5B08B6-C663-4C4D-B196-086FE35CF288}.Release|x64.ActiveCfg = Release|x64
		{FA5B08B6-C663-4C4D-B196-086FE35CF288}.Release|x64.Build.0 = Release|x64
		{FA5B08B6-C663-4C4D-B196-086FE35CF288}.Release|x86.ActiveCfg = Release|Win32
		{FA5B08B6-C663-4C4D-B196-086FE35CF288}.Release|x86.Build.0 = Release|Win32
		{05486B08-25C2-4287-84D2-8FDF08C58ED4}.Debug|Any CPU.ActiveCfg = Debug|x64
		{05486B08-25C2-4287-84D2-8FDF08C58ED4}.Debug|Any CPU.Build.0 = Debug|x64
		{05486B08-25C2-4287-84D2-8FDF08C58ED4}.Debug|x64.ActiveCfg = Debug|x64
		{05486B08-25C2-4287-84D2-8FDF08C58ED4}.Debug|x64.Build.0 = Debug|x64
		{05486B08-25C2-4287-84D2-8FDF08C58ED4}.Debug|x86.ActiveCfg = Debug|Win32
		{05486B08-25C2-4287-84D2-8FDF08C58ED4}.Debug|x86.Build.0 = Debug|Win32
		{05486B08-25C2-4287-84D2-8FDF08C58ED4}.Release|Any CPU.ActiveCfg = Release|x64
		{05486B08-25C2-4287-84D2-8FDF08C58ED4}.Release|Any CPU.Build.0 = Release|x64
		{05486B08-25C2-4287-84D2-8FDF08C58ED4}.Release|x64.ActiveCfg = Release|x64
		{05486B08-25C2-4287-84D2-8FDF08C58ED4}.Release|x64.Build.0 = Release|x64
		{05486B08-25C2-4287-84D2-8FDF08C58ED4}.Release|x86.ActiveCfg = Release|Win32
		{05486B08-25C2-4287-84D2-8FDF08C58ED4}.Release|x86.Build.0 = Release|Win32
		{4C1E5C42-EC80-46D6-BC20-F7C8CBF81FAF}.Debug|Any CPU.ActiveCfg = Debug|x64
		{4C1E5C42-EC80-46D6-BC20-F7C8CBF81FAF}.Debug|Any CPU.Build.0 = Debug|x64
		{4C1E5C42-EC80-46D6-BC20-F7C8CBF81FAF}.Debug|x64.ActiveCfg = Debug|x64
		{4C1E5C42-EC80-46D6-BC20-F7C8CBF81FAF}.Debug|x64.Build.0 = Debug|x64
		{4C1E5C42-EC80-46D6-BC20-F7C8CBF81FAF}.Debug|x86.ActiveCfg = Debug|Win32
		{4C1E5C42-EC80-46D6-BC20-F7C8CBF81FAF}.Debug|x86.Build.0 = Debug|Win32
		{4C1E5C42-EC80-46D6-BC20-F7C8CBF81FAF}.Release|Any CPU.ActiveCfg = Release|x64
		{4C1E5C42-EC80-46D6-BC20-F7C8CBF81FAF}.Release|Any CPU.Build.0 = Release|x64
		{4C1E5C42-EC80-46D6-BC20-F7C8CBF81FAF}.Release|x64.ActiveCfg = Release|x64
		{4C1E5C42-EC80-46D6-BC20-F7C8CBF81FAF}.Release|x64.Build.0 = Release|x64
		{4C1E5C42-EC80-46D6-BC20-F7C8CBF81FAF}.Release|x86.ActiveCfg = Release|Win32
		{4C1E5C42-EC80-46D6-BC20-F7C8CBF81FAF}.Release|x86.Build.0 = Release|Win32
		{8CED6AE4-A3BE-42D3-B0F9-554DFC0D89BF}.Debug|Any CPU.ActiveCfg = Debug|x64
		{8CED6AE4-A3BE-42D3-B0F9-554DFC0D89BF}.Debug|Any CPU.Build.0 = Debug|x64
		{8CED6AE4-A3BE-42D3-B0F9-554DFC0D89BF}.Debug|x64.ActiveCfg = Debug|x64
		{8CED6AE4-A3BE-42D3-B0F9-554DFC0D89BF}.Debug|x64.Build.0 = Debug|x64
		{8CED6AE4-A3BE-42D3-B0F9-554DFC0D89BF}.Debug|x86.ActiveCfg = Debug|Win32
		{8CED6AE4-A3BE-42D3-B0F9-554DFC0D89BF}.Debug|x86.Build.0 = Debug|Win32
		{8CED6AE4-A3BE-42D3-B0F9-554DFC0D89BF}.Release|Any CPU.ActiveCfg = Release|x64
		{8CED6AE4-A3BE-42D3-B0F9-554DFC0D89BF}.Release|Any CPU.Build.0 = Release|x64
		{8CED6AE4-A3BE-42D3-B0F9-554DFC0D89BF}.Release|x64.ActiveCfg = Release|x64
		{8CED6AE4-A3BE-42D3-B0F9-554DFC0D89BF}.Release|x64.Build.0 = Release|x64
		{8CED6AE4-A3BE-42D3-B0F9-554DFC0D89BF}.Release|x86.ActiveCfg = Release|Win32
		{8CED6AE4-A3BE-42D3-B0F9-554DFC0D89BF}.Release|x86.Build.0 = Release|Win32
		{A9B6CD1E-E568-4146-A436-44C53A6DB777}.Debug|Any CPU.ActiveCfg = Debug|x64
		{A9B6CD1E-E568-4146-A436-44C53A6DB777}.Debug|Any CPU.Build.0 = Debug|x64
		{A9B6CD1E-E568-4146-A436-44C53A6DB777}.Debug|x64.ActiveCfg = Debug|x64
		{A9B6CD1E-E568-4146-A436-44C53A6DB777}.Debug|x64.Build.0 = Debug|x64
		{A9B6CD1E-E568-4146-A436-44C53A6DB777}.Debug|x86.ActiveCfg = Debug|Win32
		{A9B6CD1E-E568-4146-A436-44C53A6DB777}.Debug|x86.Build.0 = Debug|Win32
		{A9B6CD1E-E568-4146-A436-44C53A6DB777}.Release|Any CPU.ActiveCfg = Release|x64
		{A9B6CD1E-E568-4146-A436-44C53A6DB777}.Release|Any CPU.Build.0 = Release|x64
		{A9B6CD1E-E568-4146-A436-44C53A6DB777}.Release|x64.ActiveCfg = Release|x64
		{A9B6CD1E-E568-4146-A436-44C53A6DB777}.Release|x64.Build.0 = Release|x64
		{A9B6CD1E-E568-4146-A436-44C53A6DB777}.Release|x86.ActiveCfg = Release|Win32
		{A9B6CD1E-E568-4146-A436-44C53A6DB777}.Release|x86.Build.0 = Release|Win32
		{06FC26BE-9FC0-4D4D-BADC-B1A6FC31A9D6}.Debug|Any CPU.ActiveCfg = Debug|x64
		{06FC26BE-9FC0-4D4D-BADC-B1A6FC31A9D6}.Debug|Any CPU.Build.0 = Debug|x64
		{06FC26BE-9FC0-4D4D-BADC-B1A6FC31A9D6}.Debug|x64.ActiveCfg = Debug|x64
		{06FC26BE-9FC0-4D4D-BADC-B1A6FC31A9D6}.Debug|x64.Build.0 = Debug|x64
		{06FC26BE-9FC0-4D4D-BADC-B1A6FC31A9D6}.Debug|x86.ActiveCfg = Debug|Win32
		{06FC26BE-9FC0-4D4D-BADC-B1A6FC31A9D6}.Debug|x86.Build.0 = Debug|Win32
		{06FC26BE-9FC0-4D4D-BADC-B1A6FC31A9D6}.Release|Any CPU.ActiveCfg = Release|x64
		{06FC26BE-9FC0-4D4D-BADC-B1A6FC31A9D6}.Release|Any CPU.Build.0 = Release|x64
		{06FC26BE-9FC0-4D4D-BADC-B1A6FC31A9D6}.Release|x64.ActiveCfg = Release|x64
		{06FC26BE-9FC0-4D4D-BADC-B1A6FC31A9D6}.Release|x64.Build.0 = Release|x64
		{06FC26BE-9FC0-4D4D-BADC-B1A6FC31A9D6}.Release|x86.ActiveCfg = Release|Win32
		{06FC26BE-9FC0-4D4D-BADC-B1A6FC31A9D6}.Release|x86.Build.0 = Release|Win32
		{8E17CB32-9D01-4842-8620-AE5047153987}.Debug|Any CPU.ActiveCfg = Debug|x64
		{8E17CB32-9D01-4842-8620-AE5047153987}.Debug|Any CPU.Build.0 = Debug|x64
		{8E17CB32-9D01-4842-8620-AE5047153987}.Debug|x64.ActiveCfg = Debug|x64
		{8E17CB32-9D01-4842-8620-AE5047153987}.Debug|x64.Build.0 = Debug|x64
		{8E17CB32-9D01-4842-8620-AE5047153987}.Debug|x86.ActiveCfg = Debug|Win32
		{8E17CB32-9D01-4842-8620-AE5047153987}.Debug|x86.Build.0 = Debug|Win32
		{8E17CB32-9D01-4842-8620-AE5047153987}.Release|Any CPU.ActiveCfg = Release|x64
		{8E17CB32-9D01-4842-8620-AE5047153987}.Release|Any CPU.Build.0 = Release|x64
		{8E17CB32-9D01-4842-8620-AE5047153987}.Release|x64.ActiveCfg = Release|x64
		{8E17CB32-9D01-4842-8620-AE5047153987}.Release|x64.Build.0 = Release|x64
		{8E17CB32-9D01-4842-8620-AE5047153987}.Release|x86.ActiveCfg = Release|Win32
		{8E17CB32-9D01-4842-8620-AE5047153987}.Release|x86.Build.0 = Release|Win32
		{73657BF5-5572-43FE-B6C3-99DD6AAC3C2A}.Debug|Any CPU.ActiveCfg = Debug|x64
		{73657BF5-5572-43FE-B6C3-99DD6AAC3C2A}.Debug|Any CPU.Build.0 = Debug|x64
		{73657BF5-5572-43FE-B6C3-99DD6AAC3C2A}.Debug|x64.ActiveCfg = Debug|x64
		{73657BF5-5572-43FE-B6C3-99DD6AAC3C2A}.Debug|x64.Build.0 = Debug|x64
		{73657BF5-5572-43FE-B6C3-99DD6AAC3C2A}.Debug|x86.ActiveCfg = Debug|Win32
		{73657BF5-5572-43FE-B6C3-99DD6AAC3C2A}.Debug|x86.Build.0 = Debug|Win32
		{73657BF5-5572-43FE-B6C3-99DD6AAC3C2A}.Release|Any CPU.ActiveCfg = Release|x64
		{73657BF5-5572-43FE-B6C3-99DD6AAC3C2A}.Release|Any CPU.Build.0 = Release|x64
		{73657BF5-5572-43FE-B6C3-99DD6AAC3C2A}.Release|x64.ActiveCfg = Release|x64
		{73657BF5-5572-43FE-B6C3-99DD6AAC3C2A}.Release|x64.Build.0 = Release|x64
		{73657BF5-5572-43FE-B6C3-99DD6AAC3C2A}.Release|x86.ActiveCfg = Release|Win32
		{73657BF5-5572-43FE-B6C3-99DD6AAC3C2A}.Release|x86.Build.0 = Release|Win32
		{7484A18F-CF27-496A-ADCC-A5279E2A8697}.Debug|Any CPU.ActiveCfg = Debug|x64
		{7484A18F-CF27-496A-ADCC-A5279E2A8697}.Debug|Any CPU.Build.0 = Debug|x64
		{7484A18F-CF27-496A-ADCC-A5279E2A8697}.Debug|x64.ActiveCfg = Debug|x64
		{7484A18F-CF27-496A-ADCC-A5279E2A8697}.Debug|x64.Build.0 = Debug|x64
		{7484A18F-CF27-496A-ADCC-A5279E2A8697}.Debug|x86.ActiveCfg = Debug|Win32
		{7484A18F-CF27-496A-ADCC-A5279E2A8697}.Debug|x86.Build.0 = Debug|Win32
		{7484A18F-CF27-496A-ADCC-A5279E2A8697}.Release|Any CPU.ActiveCfg = Release|x64
		{7484A18F-CF27-496A-ADCC-A5279E2A8697}.Release|Any CPU.Build.0 = Release|x64
		{7484A18F-CF27-496A-ADCC-A5279E2A8697}.Release|x64.ActiveCfg = Release|x64
		{7484A18F-CF27-496A-ADCC-A5279E2A8697}.Release|x64.Build.0 = Release|x64
		{7484A18F-CF27-496A-ADCC-A5279E2A8697}.Release|x86.ActiveCfg = Release|Win32
		{7484A18F-CF27-496A-ADCC-A5279E2A8697}.Release|x86.Build.0 = Release|Win32
		{DD432EA1-D783-44DB-A94B-2AC19726988E}.Debug|Any CPU.ActiveCfg = Debug|x64
		{DD432EA1-D783-44DB-A94B-2AC19726988E}.Debug|Any CPU.Build.0 = Debug|x64
		{DD432EA1-D783-44DB-A94B-2AC19726988E}.Debug|x64.ActiveCfg = Debug|x64
		{DD432EA1-D783-44DB-A94B-2AC19726988E}.Debug|x64.Build.0 = Debug|x64
		{DD432EA1-D783-44DB-A94B-2AC19726988E}.Debug|x86.ActiveCfg = Debug|Win32
		{DD432EA1-D783-44DB-A94B-2AC19726988E}.Debug|x86.Build.0 = Debug|Win32
		{DD432EA1-D783-44DB-A94B-2AC19726988E}.Release|Any CPU.ActiveCfg = Release|x64
		{DD432EA1-D783-44DB-A94B-2AC19726988E}.Release|Any CPU.Build.0 = Release|x64
		{DD432EA1-D783-44DB-A94B-2AC19726988E}.Release|x64.ActiveCfg = Release|x64
		{DD432EA1-D783-44DB-A94B-2AC19726988E}.Release|x64.Build.0 = Release|x64
		{DD432EA1-D783-44DB-A94B-2AC19726988E}.Release|x86.ActiveCfg = Release|Win32
		{DD432EA1-D783-44DB-A94B-2AC19726988E}.Release|x86.Build.0 = Release|Win32
		{605377FF-B0E7-49C3-BF3F-A39BDD5AB45C}.Debug|Any CPU.ActiveCfg = Debug|x64
		{605377FF-B0E7-49C3-BF3F-A39BDD5AB45C}.Debug|Any CPU.Build.0 = Debug|x64
		{605377FF-B0E7-49C3-BF3F-A39BDD5AB45C}.Debug|x64.ActiveCfg = Debug|x64
		{605377FF-B0E7-49C3-BF3F-A39BDD5AB45C}.Debug|x64.Build.0 = Debug|x64
		{605377FF-B0E7-49C3-BF3F-A39BDD5AB45C}.Debug|x86.ActiveCfg = Debug|Win32
		{605377FF-B0E7-49C3-BF3F-A39BDD5AB45C}.Debug|x86.Build.0 = Debug|Win32
		{605377FF-B0E7-49C3-BF3F-A39BDD5AB45C}.Release|Any CPU.ActiveCfg = Release|x64
		{605377FF-B0E7-49C3-BF3F-A39BDD5AB45C}.Release|Any CPU.Build.0 = Release|x64
		{605377FF-B0E7-49C3-BF3F-A39BDD5AB45C}.Release|x64.ActiveCfg = Release|x64
		{605377FF-B0E7-49C3-BF3F-A39BDD5AB45C}.Release|x64.Build.0 = Release|x64
		{605377FF-B0E7-49C3-BF3F-A39BDD5AB45C}.Release|x86.ActiveCfg = Release|Win32
		{605377FF-B0E7-49C3-BF3F-A39BDD5AB45C}.Release|x86.Build.0 = Release|Win32
		{0435A104-A3E4-4AC4-8211-3D4FEB6D213A}.Debug|Any CPU.ActiveCfg = Debug|x64
		{0435A104-A3E4-4AC4-8211-3D4FEB6D213A}.Debug|Any CPU.Build.0 = Debug|x64
		{0435A104-A3E4-4AC4-8211-3D4FEB6D213A}.Debug|x64.ActiveCfg = Debug|x64
		{0435A104-A3E4-4AC4-8211-3D4FEB6D213A}.Debug|x64.Build.0 = Debug|x64
		{0435A104-A3E4-4AC4-8211-3D4FEB6D213A}.Debug|x86.ActiveCfg = Debug|Win32
		{0435A104-A3E4-4AC4-8211-3D4FEB6D213A}.Debug|x86.Build.0 = Debug|Win32
		{0435A104-A3E4-4AC4-8211-3D4FEB6D213A}.Release|Any CPU.ActiveCfg = Release|x64
		{0435A104-A3E4-4AC4-8211-3D4FEB6D213A}.Release|Any CPU.Build.0 = Release|x64
		{0435A104-A3E4-4AC4-8211-3D4FEB6D213A}.Release|x64.ActiveCfg = Release|x64
		{0435A104-A3E4-4AC4-8211-3D4FEB6D213A}.Release|x64.Build.0 = Release|x64
		{0435A104-A3E4-4AC4-8211-3D4FEB6D213A}.Release|x86.ActiveCfg = Release|Win32
		{0435A104-A3E4-4AC4-8211-3D4FEB6D213A}.Release|x86.Build.0 = Release|Win32
		{CE4DEBC9-B059-4A16-85E8-B81F55C22862}.Debug|Any CPU.ActiveCfg = Debug|Win32
		{CE4DEBC9-B059-4A16-85E8-B81F55C22862}.Debug|Any CPU.Build.0 = Debug|Win32
		{CE4DEBC9-B059-4A16-85E8-B81F55C22862}.Debug|x64.ActiveCfg = Debug|Win32
		{CE4DEBC9-B059-4A16-85E8-B81F55C22862}.Debug|x64.Build.0 = Debug|Win32
		{CE4DEBC9-B059-4A16-85E8-B81F55C22862}.Debug|x86.ActiveCfg = Debug|Win32
		{CE4DEBC9-B059-4A16-85E8-B81F55C22862}.Debug|x86.Build.0 = Debug|Win32
		{CE4DEBC9-B059-4A16-85E8-B81F55C22862}.Release|Any CPU.ActiveCfg = Release|Win32
		{CE4DEBC9-B059-4A16-85E8-B81F55C22862}.Release|Any CPU.Build.0 = Release|Win32
		{CE4DEBC9-B059-4A16-85E8-B81F55C22862}.Release|x64.ActiveCfg = Release|Win32
		{CE4DEBC9-B059-4A16-85E8-B81F55C22862}.Release|x64.Build.0 = Release|Win32
		{CE4DEBC9-B059-4A16-85E8-B81F55C22862}.Release|x86.ActiveCfg = Release|Win32
		{CE4DEBC9-B059-4A16-85E8-B81F55C22862}.Release|x86.Build.0 = Release|Win32
		{A0E782EB-B925-4F4E-92CF-777C288630EE}.Debug|Any CPU.ActiveCfg = Debug|x64
		{A0E782EB-B925-4F4E-92CF-777C288630EE}.Debug|Any CPU.Build.0 = Debug|x64
		{A0E782EB-B925-4F4E-92CF-777C288630EE}.Debug|x64.ActiveCfg = Debug|x64
		{A0E782EB-B925-4F4E-92CF-777C288630EE}.Debug|x64.Build.0 = Debug|x64
		{A0E782EB-B925-4F4E-92CF-777C288630EE}.Debug|x86.ActiveCfg = Debug|Win32
		{A0E782EB-B925-4F4E-92CF-777C288630EE}.Debug|x86.Build.0 = Debug|Win32
		{A0E782EB-B925-4F4E-92CF-777C288630EE}.Release|Any CPU.ActiveCfg = Release|x64
		{A0E782EB-B925-4F4E-92CF-777C288630EE}.Release|Any CPU.Build.0 = Release|x64
		{A0E782EB-B925-4F4E-92CF-777C288630EE}.Release|x64.ActiveCfg = Release|x64
		{A0E782EB-B925-4F4E-92CF-777C288630EE}.Release|x64.Build.0 = Release|x64
		{A0E782EB-B925-4F4E-92CF-777C288630EE}.Release|x86.ActiveCfg = Release|Win32
		{A0E782EB-B925-4F4E-92CF-777C288630EE}.Release|x86.Build.0 = Release|Win32
		{98A5E0EA-80D2-4616-BFEA-F08971E83C6C}.Debug|Any CPU.ActiveCfg = Debug|x64
		{98A5E0EA-80D2-4616-BFEA-F08971E83C6C}.Debug|Any CPU.Build.0 = Debug|x64
		{98A5E0EA-80D2-4616-BFEA-F08971E83C6C}.Debug|x64.ActiveCfg = Debug|x64
		{98A5E0EA-80D2-4616-BFEA-F08971E83C6C}.Debug|x64.Build.0 = Debug|x64
		{98A5E0EA-80D2-4616-BFEA-F08971E83C6C}.Debug|x86.ActiveCfg = Debug|Win32
		{98A5E0EA-80D2-4616-BFEA-F08971E83C6C}.Debug|x86.Build.0 = Debug|Win32
		{98A5E0EA-80D2-4616-BFEA-F08971E83C6C}.Release|Any CPU.ActiveCfg = Release|x64
		{98A5E0EA-80D2-4616-BFEA-F08971E83C6C}.Release|Any CPU.Build.0 = Release|x64
		{98A5E0EA-80D2-4616-BFEA-F08971E83C6C}.Release|x64.ActiveCfg = Release|x64
		{98A5E0EA-80D2-4616-BFEA-F08971E83C6C}.Release|x64.Build.0 = Release|x64
		{98A5E0EA-80D2-4616-BFEA-F08971E83C6C}.Release|x86.ActiveCfg = Release|Win32
		{98A5E0EA-80D2-4616-BFEA-F08971E83C6C}.Release|x86.Build.0 = Release|Win32
		{23A7B2D0-82DA-4F5B-B961-83B9D76FCE0C}.Debug|Any CPU.ActiveCfg = Debug|x64
		{23A7B2D0-82DA-4F5B-B961-83B9D76FCE0C}.Debug|Any CPU.Build.0 = Debug|x64
		{23A7B2D0-82DA-4F5B-B961-83B9D76FCE0C}.Debug|x64.ActiveCfg = Debug|x64
		{23A7B2D0-82DA-4F5B-B961-83B9D76FCE0C}.Debug|x64.Build.0 = Debug|x64
		{23A7B2D0-82DA-4F5B-B961-83B9D76FCE0C}.Debug|x86.ActiveCfg = Debug|Win32
		{23A7B2D0-82DA-4F5B-B961-83B9D76FCE0C}.Debug|x86.Build.0 = Debug|Win32
		{23A7B2D0-82DA-4F5B-B961-83B9D76FCE0C}.Release|Any CPU.ActiveCfg = Release|x64
		{23A7B2D0-82DA-4F5B-B961-83B9D76FCE0C}.Release|Any CPU.Build.0 = Release|x64
		{23A7B2D0-82DA-4F5B-B961-83B9D76FCE0C}.Release|x64.ActiveCfg = Release|x64
		{23A7B2D0-82DA-4F5B-B961-83B9D76FCE0C}.Release|x64.Build.0 = Release|x64
		{23A7B2D0-82DA-4F5B-B961-83B9D76FCE0C}.Release|x86.ActiveCfg = Release|Win32
		{23A7B2D0-82DA-4F5B-B961-83B9D76FCE0C}.Release|x86.Build.0 = Release|Win32
	EndGlobalSection
	GlobalSection(SolutionProperties) = preSolution
		HideSolutionNode = FALSE
	EndGlobalSection
	GlobalSection(ExtensibilityGlobals) = postSolution
		SolutionGuid = {3E1EF058-C7E3-447D-9B6C-E360CBA23E71}
	EndGlobalSection
EndGlobal
