
Microsoft Visual Studio Solution File, Format Version 12.00
# Visual Studio Version 16
VisualStudioVersion = 16.0.31613.86
MinimumVisualStudioVersion = 10.0.40219.1
Project("{8BC9CEB8-8B4A-11D0-8D11-00A0C91BC942}") = "01_CreateThread", "01_CreateThread\01_CreateThread.vcxproj", "{4FC6CAE0-F836-4E56-B625-00F38EF247E9}"
EndProject
Project("{8BC9CEB8-8B4A-11D0-8D11-00A0C91BC942}") = "02_ThreadExcept", "02_ThreadExcept\02_ThreadExcept.vcxproj", "{166ADB67-7068-416E-BBA5-CBB6B927E825}"
EndProject
Global
	GlobalSection(SolutionConfigurationPlatforms) = preSolution
		Debug|x64 = Debug|x64
		Debug|x86 = Debug|x86
		Release|x64 = Release|x64
		Release|x86 = Release|x86
	EndGlobalSection
	GlobalSection(ProjectConfigurationPlatforms) = postSolution
		{4FC6CAE0-F836-4E56-B625-00F38EF247E9}.Debug|x64.ActiveCfg = Debug|x64
		{4FC6CAE0-F836-4E56-B625-00F38EF247E9}.Debug|x64.Build.0 = Debug|x64
		{4FC6CAE0-F836-4E56-B625-00F38EF247E9}.Debug|x86.ActiveCfg = Debug|Win32
		{4FC6CAE0-F836-4E56-B625-00F38EF247E9}.Debug|x86.Build.0 = Debug|Win32
		{4FC6CAE0-F836-4E56-B625-00F38EF247E9}.Release|x64.ActiveCfg = Release|x64
		{4FC6CAE0-F836-4E56-B625-00F38EF247E9}.Release|x64.Build.0 = Release|x64
		{4FC6CAE0-F836-4E56-B625-00F38EF247E9}.Release|x86.ActiveCfg = Release|Win32
		{4FC6CAE0-F836-4E56-B625-00F38EF247E9}.Release|x86.Build.0 = Release|Win32
		{166ADB67-7068-416E-BBA5-CBB6B927E825}.Debug|x64.ActiveCfg = Debug|x64
		{166ADB67-7068-416E-BBA5-CBB6B927E825}.Debug|x64.Build.0 = Debug|x64
		{166ADB67-7068-416E-BBA5-CBB6B927E825}.Debug|x86.ActiveCfg = Debug|Win32
		{166ADB67-7068-416E-BBA5-CBB6B927E825}.Debug|x86.Build.0 = Debug|Win32
		{166ADB67-7068-416E-BBA5-CBB6B927E825}.Release|x64.ActiveCfg = Release|x64
		{166ADB67-7068-416E-BBA5-CBB6B927E825}.Release|x64.Build.0 = Release|x64
		{166ADB67-7068-416E-BBA5-CBB6B927E825}.Release|x86.ActiveCfg = Release|Win32
		{166ADB67-7068-416E-BBA5-CBB6B927E825}.Release|x86.Build.0 = Release|Win32
	EndGlobalSection
	GlobalSection(SolutionProperties) = preSolution
		HideSolutionNode = FALSE
	EndGlobalSection
	GlobalSection(ExtensibilityGlobals) = postSolution
		SolutionGuid = {3E1EF058-C7E3-447D-9B6C-E360CBA23E71}
	EndGlobalSection
EndGlobal
