
Microsoft Visual Studio Solution File, Format Version 12.00
# Visual Studio Version 17
VisualStudioVersion = 17.1.32228.430
MinimumVisualStudioVersion = 10.0.40219.1
Project("{8BC9CEB8-8B4A-11D0-8D11-00A0C91BC942}") = "01_CreateThread", "01_CreateThread\01_CreateThread.vcxproj", "{4FC6CAE0-F836-4E56-B625-00F38EF247E9}"
EndProject
Project("{8BC9CEB8-8B4A-11D0-8D11-00A0C91BC942}") = "02_ThreadExcept", "02_ThreadExcept\02_ThreadExcept.vcxproj", "{166ADB67-7068-416E-BBA5-CBB6B927E825}"
EndProject
Project("{8BC9CEB8-8B4A-11D0-8D11-00A0C91BC942}") = "19_WQNotify", "19_WQNotify\19_WQNotify.vcxproj", "{486C779F-E006-4116-AEA3-E69CBB52CA51}"
EndProject
Project("{8BC9CEB8-8B4A-11D0-8D11-00A0C91BC942}") = "03_MyThread", "03_MyThread\03_MyThread.vcxproj", "{0D50476F-00F6-436D-8D36-FB220591AB5F}"
EndProject
Project("{8BC9CEB8-8B4A-11D0-8D11-00A0C91BC942}") = "04_InterLock", "04_InterLock\04_InterLock.vcxproj", "{6B989D88-C35F-4A66-A977-D9E5EF53ED0F}"
EndProject
Project("{8BC9CEB8-8B4A-11D0-8D11-00A0C91BC942}") = "05_MemBarrier", "05_MemBarrier\05_MemBarrier.vcxproj", "{0C467F78-3A77-4DB2-9B0F-35FCA5955EB0}"
EndProject
Project("{8BC9CEB8-8B4A-11D0-8D11-00A0C91BC942}") = "06_WaitThread", "06_WaitThread\06_WaitThread.vcxproj", "{5EEA1CDD-8579-4D61-A0BC-F740524E6CEE}"
EndProject
Project("{8BC9CEB8-8B4A-11D0-8D11-00A0C91BC942}") = "07_MyThread2", "07_MyThread2\07_MyThread2.vcxproj", "{3D23AD93-8A57-4FA9-8E1D-557BF471113D}"
EndProject
Project("{8BC9CEB8-8B4A-11D0-8D11-00A0C91BC942}") = "20_EventNotify2", "20_EventNotify2\20_EventNotify2.vcxproj", "{AFF93E72-C851-49B4-9D34-6381933EF44D}"
EndProject
Project("{8BC9CEB8-8B4A-11D0-8D11-00A0C91BC942}") = "18_EventNotify", "18_EventNotify\18_EventNotify.vcxproj", "{0770D5CA-FB39-459D-B844-7BC851325047}"
EndProject
Project("{8BC9CEB8-8B4A-11D0-8D11-00A0C91BC942}") = "08_WaitMultiThreads", "08_WaitMultiThreads\08_WaitMultiThreads.vcxproj", "{B33285A5-A78C-4319-8F00-7D22AC4BDDC1}"
EndProject
Project("{8BC9CEB8-8B4A-11D0-8D11-00A0C91BC942}") = "09_MutexTest", "09_MutexTest\09_MutexTest.vcxproj", "{5E68C2A8-481B-4728-B3E2-44BF573AEC09}"
EndProject
Project("{8BC9CEB8-8B4A-11D0-8D11-00A0C91BC942}") = "22_EvtRWLock2", "22_EvtRWLock2\22_EvtRWLock2.vcxproj", "{4543AB36-BCEA-4D93-916C-11DB9239EC87}"
EndProject
Global
	GlobalSection(SolutionConfigurationPlatforms) = preSolution
		Debug|x64 = Debug|x64
		Debug|x86 = Debug|x86
		Release|x64 = Release|x64
		Release|x86 = Release|x86
	EndGlobalSection
	GlobalSection(ProjectConfigurationPlatforms) = postSolution
		{4FC6CAE0-F836-4E56-B625-00F38EF247E9}.Debug|x64.ActiveCfg = Debug|x64
		{4FC6CAE0-F836-4E56-B625-00F38EF247E9}.Debug|x64.Build.0 = Debug|x64
		{4FC6CAE0-F836-4E56-B625-00F38EF247E9}.Debug|x86.ActiveCfg = Debug|Win32
		{4FC6CAE0-F836-4E56-B625-00F38EF247E9}.Debug|x86.Build.0 = Debug|Win32
		{4FC6CAE0-F836-4E56-B625-00F38EF247E9}.Release|x64.ActiveCfg = Release|x64
		{4FC6CAE0-F836-4E56-B625-00F38EF247E9}.Release|x64.Build.0 = Release|x64
		{4FC6CAE0-F836-4E56-B625-00F38EF247E9}.Release|x86.ActiveCfg = Release|Win32
		{4FC6CAE0-F836-4E56-B625-00F38EF247E9}.Release|x86.Build.0 = Release|Win32
		{166ADB67-7068-416E-BBA5-CBB6B927E825}.Debug|x64.ActiveCfg = Debug|x64
		{166ADB67-7068-416E-BBA5-CBB6B927E825}.Debug|x64.Build.0 = Debug|x64
		{166ADB67-7068-416E-BBA5-CBB6B927E825}.Debug|x86.ActiveCfg = Debug|Win32
		{166ADB67-7068-416E-BBA5-CBB6B927E825}.Debug|x86.Build.0 = Debug|Win32
		{166ADB67-7068-416E-BBA5-CBB6B927E825}.Release|x64.ActiveCfg = Release|x64
		{166ADB67-7068-416E-BBA5-CBB6B927E825}.Release|x64.Build.0 = Release|x64
		{166ADB67-7068-416E-BBA5-CBB6B927E825}.Release|x86.ActiveCfg = Release|Win32
		{166ADB67-7068-416E-BBA5-CBB6B927E825}.Release|x86.Build.0 = Release|Win32
		{486C779F-E006-4116-AEA3-E69CBB52CA51}.Debug|x64.ActiveCfg = Debug|x64
		{486C779F-E006-4116-AEA3-E69CBB52CA51}.Debug|x64.Build.0 = Debug|x64
		{486C779F-E006-4116-AEA3-E69CBB52CA51}.Debug|x86.ActiveCfg = Debug|Win32
		{486C779F-E006-4116-AEA3-E69CBB52CA51}.Debug|x86.Build.0 = Debug|Win32
		{486C779F-E006-4116-AEA3-E69CBB52CA51}.Release|x64.ActiveCfg = Release|x64
		{486C779F-E006-4116-AEA3-E69CBB52CA51}.Release|x64.Build.0 = Release|x64
		{486C779F-E006-4116-AEA3-E69CBB52CA51}.Release|x86.ActiveCfg = Release|Win32
		{486C779F-E006-4116-AEA3-E69CBB52CA51}.Release|x86.Build.0 = Release|Win32
		{0D50476F-00F6-436D-8D36-FB220591AB5F}.Debug|x64.ActiveCfg = Debug|x64
		{0D50476F-00F6-436D-8D36-FB220591AB5F}.Debug|x64.Build.0 = Debug|x64
		{0D50476F-00F6-436D-8D36-FB220591AB5F}.Debug|x86.ActiveCfg = Debug|Win32
		{0D50476F-00F6-436D-8D36-FB220591AB5F}.Debug|x86.Build.0 = Debug|Win32
		{0D50476F-00F6-436D-8D36-FB220591AB5F}.Release|x64.ActiveCfg = Release|x64
		{0D50476F-00F6-436D-8D36-FB220591AB5F}.Release|x64.Build.0 = Release|x64
		{0D50476F-00F6-436D-8D36-FB220591AB5F}.Release|x86.ActiveCfg = Release|Win32
		{0D50476F-00F6-436D-8D36-FB220591AB5F}.Release|x86.Build.0 = Release|Win32
		{6B989D88-C35F-4A66-A977-D9E5EF53ED0F}.Debug|x64.ActiveCfg = Debug|x64
		{6B989D88-C35F-4A66-A977-D9E5EF53ED0F}.Debug|x64.Build.0 = Debug|x64
		{6B989D88-C35F-4A66-A977-D9E5EF53ED0F}.Debug|x86.ActiveCfg = Debug|Win32
		{6B989D88-C35F-4A66-A977-D9E5EF53ED0F}.Debug|x86.Build.0 = Debug|Win32
		{6B989D88-C35F-4A66-A977-D9E5EF53ED0F}.Release|x64.ActiveCfg = Release|x64
		{6B989D88-C35F-4A66-A977-D9E5EF53ED0F}.Release|x64.Build.0 = Release|x64
		{6B989D88-C35F-4A66-A977-D9E5EF53ED0F}.Release|x86.ActiveCfg = Release|Win32
		{6B989D88-C35F-4A66-A977-D9E5EF53ED0F}.Release|x86.Build.0 = Release|Win32
		{0C467F78-3A77-4DB2-9B0F-35FCA5955EB0}.Debug|x64.ActiveCfg = Debug|x64
		{0C467F78-3A77-4DB2-9B0F-35FCA5955EB0}.Debug|x64.Build.0 = Debug|x64
		{0C467F78-3A77-4DB2-9B0F-35FCA5955EB0}.Debug|x86.ActiveCfg = Debug|Win32
		{0C467F78-3A77-4DB2-9B0F-35FCA5955EB0}.Debug|x86.Build.0 = Debug|Win32
		{0C467F78-3A77-4DB2-9B0F-35FCA5955EB0}.Release|x64.ActiveCfg = Release|x64
		{0C467F78-3A77-4DB2-9B0F-35FCA5955EB0}.Release|x64.Build.0 = Release|x64
		{0C467F78-3A77-4DB2-9B0F-35FCA5955EB0}.Release|x86.ActiveCfg = Release|Win32
		{0C467F78-3A77-4DB2-9B0F-35FCA5955EB0}.Release|x86.Build.0 = Release|Win32
		{5EEA1CDD-8579-4D61-A0BC-F740524E6CEE}.Debug|x64.ActiveCfg = Debug|x64
		{5EEA1CDD-8579-4D61-A0BC-F740524E6CEE}.Debug|x64.Build.0 = Debug|x64
		{5EEA1CDD-8579-4D61-A0BC-F740524E6CEE}.Debug|x86.ActiveCfg = Debug|Win32
		{5EEA1CDD-8579-4D61-A0BC-F740524E6CEE}.Debug|x86.Build.0 = Debug|Win32
		{5EEA1CDD-8579-4D61-A0BC-F740524E6CEE}.Release|x64.ActiveCfg = Release|x64
		{5EEA1CDD-8579-4D61-A0BC-F740524E6CEE}.Release|x64.Build.0 = Release|x64
		{5EEA1CDD-8579-4D61-A0BC-F740524E6CEE}.Release|x86.ActiveCfg = Release|Win32
		{5EEA1CDD-8579-4D61-A0BC-F740524E6CEE}.Release|x86.Build.0 = Release|Win32
		{3D23AD93-8A57-4FA9-8E1D-557BF471113D}.Debug|x64.ActiveCfg = Debug|x64
		{3D23AD93-8A57-4FA9-8E1D-557BF471113D}.Debug|x64.Build.0 = Debug|x64
		{3D23AD93-8A57-4FA9-8E1D-557BF471113D}.Debug|x86.ActiveCfg = Debug|Win32
		{3D23AD93-8A57-4FA9-8E1D-557BF471113D}.Debug|x86.Build.0 = Debug|Win32
		{3D23AD93-8A57-4FA9-8E1D-557BF471113D}.Release|x64.ActiveCfg = Release|x64
		{3D23AD93-8A57-4FA9-8E1D-557BF471113D}.Release|x64.Build.0 = Release|x64
		{3D23AD93-8A57-4FA9-8E1D-557BF471113D}.Release|x86.ActiveCfg = Release|Win32
		{3D23AD93-8A57-4FA9-8E1D-557BF471113D}.Release|x86.Build.0 = Release|Win32
		{AFF93E72-C851-49B4-9D34-6381933EF44D}.Debug|x64.ActiveCfg = Debug|x64
		{AFF93E72-C851-49B4-9D34-6381933EF44D}.Debug|x64.Build.0 = Debug|x64
		{AFF93E72-C851-49B4-9D34-6381933EF44D}.Debug|x86.ActiveCfg = Debug|Win32
		{AFF93E72-C851-49B4-9D34-6381933EF44D}.Debug|x86.Build.0 = Debug|Win32
		{AFF93E72-C851-49B4-9D34-6381933EF44D}.Release|x64.ActiveCfg = Release|x64
		{AFF93E72-C851-49B4-9D34-6381933EF44D}.Release|x64.Build.0 = Release|x64
		{AFF93E72-C851-49B4-9D34-6381933EF44D}.Release|x86.ActiveCfg = Release|Win32
		{AFF93E72-C851-49B4-9D34-6381933EF44D}.Release|x86.Build.0 = Release|Win32
		{0770D5CA-FB39-459D-B844-7BC851325047}.Debug|x64.ActiveCfg = Debug|x64
		{0770D5CA-FB39-459D-B844-7BC851325047}.Debug|x64.Build.0 = Debug|x64
		{0770D5CA-FB39-459D-B844-7BC851325047}.Debug|x86.ActiveCfg = Debug|Win32
		{0770D5CA-FB39-459D-B844-7BC851325047}.Debug|x86.Build.0 = Debug|Win32
		{0770D5CA-FB39-459D-B844-7BC851325047}.Release|x64.ActiveCfg = Release|x64
		{0770D5CA-FB39-459D-B844-7BC851325047}.Release|x64.Build.0 = Release|x64
		{0770D5CA-FB39-459D-B844-7BC851325047}.Release|x86.ActiveCfg = Release|Win32
		{0770D5CA-FB39-459D-B844-7BC851325047}.Release|x86.Build.0 = Release|Win32
		{B33285A5-A78C-4319-8F00-7D22AC4BDDC1}.Debug|x64.ActiveCfg = Debug|x64
		{B33285A5-A78C-4319-8F00-7D22AC4BDDC1}.Debug|x64.Build.0 = Debug|x64
		{B33285A5-A78C-4319-8F00-7D22AC4BDDC1}.Debug|x86.ActiveCfg = Debug|Win32
		{B33285A5-A78C-4319-8F00-7D22AC4BDDC1}.Debug|x86.Build.0 = Debug|Win32
		{B33285A5-A78C-4319-8F00-7D22AC4BDDC1}.Release|x64.ActiveCfg = Release|x64
		{B33285A5-A78C-4319-8F00-7D22AC4BDDC1}.Release|x64.Build.0 = Release|x64
		{B33285A5-A78C-4319-8F00-7D22AC4BDDC1}.Release|x86.ActiveCfg = Release|Win32
		{B33285A5-A78C-4319-8F00-7D22AC4BDDC1}.Release|x86.Build.0 = Release|Win32
		{5E68C2A8-481B-4728-B3E2-44BF573AEC09}.Debug|x64.ActiveCfg = Debug|x64
		{5E68C2A8-481B-4728-B3E2-44BF573AEC09}.Debug|x64.Build.0 = Debug|x64
		{5E68C2A8-481B-4728-B3E2-44BF573AEC09}.Debug|x86.ActiveCfg = Debug|Win32
		{5E68C2A8-481B-4728-B3E2-44BF573AEC09}.Debug|x86.Build.0 = Debug|Win32
		{5E68C2A8-481B-4728-B3E2-44BF573AEC09}.Release|x64.ActiveCfg = Release|x64
		{5E68C2A8-481B-4728-B3E2-44BF573AEC09}.Release|x64.Build.0 = Release|x64
		{5E68C2A8-481B-4728-B3E2-44BF573AEC09}.Release|x86.ActiveCfg = Release|Win32
		{5E68C2A8-481B-4728-B3E2-44BF573AEC09}.Release|x86.Build.0 = Release|Win32
		{4543AB36-BCEA-4D93-916C-11DB9239EC87}.Debug|x64.ActiveCfg = Debug|x64
		{4543AB36-BCEA-4D93-916C-11DB9239EC87}.Debug|x64.Build.0 = Debug|x64
		{4543AB36-BCEA-4D93-916C-11DB9239EC87}.Debug|x86.ActiveCfg = Debug|Win32
		{4543AB36-BCEA-4D93-916C-11DB9239EC87}.Debug|x86.Build.0 = Debug|Win32
		{4543AB36-BCEA-4D93-916C-11DB9239EC87}.Release|x64.ActiveCfg = Release|x64
		{4543AB36-BCEA-4D93-916C-11DB9239EC87}.Release|x64.Build.0 = Release|x64
		{4543AB36-BCEA-4D93-916C-11DB9239EC87}.Release|x86.ActiveCfg = Release|Win32
		{4543AB36-BCEA-4D93-916C-11DB9239EC87}.Release|x86.Build.0 = Release|Win32
	EndGlobalSection
	GlobalSection(SolutionProperties) = preSolution
		HideSolutionNode = FALSE
	EndGlobalSection
	GlobalSection(ExtensibilityGlobals) = postSolution
		SolutionGuid = {3E1EF058-C7E3-447D-9B6C-E360CBA23E71}
	EndGlobalSection
EndGlobal
